// !$*UTF8*$!
{
	archiveVersion = 1;
	classes = {
	};
	objectVersion = 50;
	objects = {

/* Begin PBXBuildFile section */
		EEA4FB14256878DD0018D2E7 /* Apple_Music_AnimationApp.swift in Sources */ = {isa = PBXBuildFile; fileRef = EEA4FB13256878DD0018D2E7 /* Apple_Music_AnimationApp.swift */; };
		EEA4FB16256878DD0018D2E7 /* ContentView.swift in Sources */ = {isa = PBXBuildFile; fileRef = EEA4FB15256878DD0018D2E7 /* ContentView.swift */; };
		EEA4FB18256878DF0018D2E7 /* Assets.xcassets in Resources */ = {isa = PBXBuildFile; fileRef = EEA4FB17256878DF0018D2E7 /* Assets.xcassets */; };
		EEA4FB1B256878DF0018D2E7 /* Preview Assets.xcassets in Resources */ = {isa = PBXBuildFile; fileRef = EEA4FB1A256878DF0018D2E7 /* Preview Assets.xcassets */; };
		EEA4FB3A2568F0130018D2E7 /* MainView.swift in Sources */ = {isa = PBXBuildFile; fileRef = EEA4FB392568F0130018D2E7 /* MainView.swift */; };
		EEA4FB3E2568F4510018D2E7 /* BlurView.swift in Sources */ = {isa = PBXBuildFile; fileRef = EEA4FB3D2568F4510018D2E7 /* BlurView.swift */; };
		EEA4FB41256983260018D2E7 /* MiniPlayer.swift in Sources */ = {isa = PBXBuildFile; fileRef = EEA4FB40256983260018D2E7 /* MiniPlayer.swift */; };
/* End PBXBuildFile section */

/* Begin PBXFileReference section */
		EEA4FB10256878DD0018D2E7 /* Apple Music Animation.app */ = {isa = PBXFileReference; explicitFileType = wrapper.application; includeInIndex = 0; path = "Apple Music Animation.app"; sourceTree = BUILT_PRODUCTS_DIR; };
		EEA4FB13256878DD0018D2E7 /* Apple_Music_AnimationApp.swift */ = {isa = PBXFileReference; lastKnownFileType = sourcecode.swift; path = Apple_Music_AnimationApp.swift; sourceTree = "<group>"; };
		EEA4FB15256878DD0018D2E7 /* ContentView.swift */ = {isa = PBXFileReference; lastKnownFileType = sourcecode.swift; path = ContentView.swift; sourceTree = "<group>"; };
		EEA4FB17256878DF0018D2E7 /* Assets.xcassets */ = {isa = PBXFileReference; lastKnownFileType = folder.assetcatalog; path = Assets.xcassets; sourceTree = "<group>"; };
		EEA4FB1A256878DF0018D2E7 /* Preview Assets.xcassets */ = {isa = PBXFileReference; lastKnownFileType = folder.assetcatalog; path = "Preview Assets.xcassets"; sourceTree = "<group>"; };
		EEA4FB1C256878DF0018D2E7 /* Info.plist */ = {isa = PBXFileReference; lastKnownFileType = text.plist.xml; path = Info.plist; sourceTree = "<group>"; };
		EEA4FB392568F0130018D2E7 /* MainView.swift */ = {isa = PBXFileReference; lastKnownFileType = sourcecode.swift; path = MainView.swift; sourceTree = "<group>"; };
		EEA4FB3D2568F4510018D2E7 /* BlurView.swift */ = {isa = PBXFileReference; lastKnownFileType = sourcecode.swift; path = BlurView.swift; sourceTree = "<group>"; };
		EEA4FB40256983260018D2E7 /* MiniPlayer.swift */ = {isa = PBXFileReference; lastKnownFileType = sourcecode.swift; path = MiniPlayer.swift; sourceTree = "<group>"; };
/* End PBXFileReference section */

/* Begin PBXFrameworksBuildPhase section */
		EEA4FB0D256878DD0018D2E7 /* Frameworks */ = {
			isa = PBXFrameworksBuildPhase;
			buildActionMask = 2147483647;
			files = (
			);
			runOnlyForDeploymentPostprocessing = 0;
		};
/* End PBXFrameworksBuildPhase section */

/* Begin PBXGroup section */
		EEA4FB07256878DC0018D2E7 = {
			isa = PBXGroup;
			children = (
				EEA4FB12256878DD0018D2E7 /* Apple Music Animation */,
				EEA4FB11256878DD0018D2E7 /* Products */,
			);
			sourceTree = "<group>";
		};
		EEA4FB11256878DD0018D2E7 /* Products */ = {
			isa = PBXGroup;
			children = (
				EEA4FB10256878DD0018D2E7 /* Apple Music Animation.app */,
			);
			name = Products;
			sourceTree = "<group>";
		};
		EEA4FB12256878DD0018D2E7 /* Apple Music Animation */ = {
			isa = PBXGroup;
			children = (
				EEA4FB24256878EE0018D2E7 /* View */,
				EEA4FB23256878E60018D2E7 /* App */,
				EEA4FB17256878DF0018D2E7 /* Assets.xcassets */,
				EEA4FB1C256878DF0018D2E7 /* Info.plist */,
				EEA4FB19256878DF0018D2E7 /* Preview Content */,
			);
			path = "Apple Music Animation";
			sourceTree = "<group>";
		};
		EEA4FB19256878DF0018D2E7 /* Preview Content */ = {
			isa = PBXGroup;
			children = (
				EEA4FB1A256878DF0018D2E7 /* Preview Assets.xcassets */,
			);
			path = "Preview Content";
			sourceTree = "<group>";
		};
		EEA4FB23256878E60018D2E7 /* App */ = {
			isa = PBXGroup;
			children = (
				EEA4FB13256878DD0018D2E7 /* Apple_Music_AnimationApp.swift */,
				EEA4FB392568F0130018D2E7 /* MainView.swift */,
				EEA4FB15256878DD0018D2E7 /* ContentView.swift */,
			);
			path = App;
			sourceTree = "<group>";
		};
		EEA4FB24256878EE0018D2E7 /* View */ = {
			isa = PBXGroup;
			children = (
				EEA4FB3D2568F4510018D2E7 /* BlurView.swift */,
				EEA4FB40256983260018D2E7 /* MiniPlayer.swift */,
			);
			path = View;
			sourceTree = "<group>";
		};
/* End PBXGroup section */

/* Begin PBXNativeTarget section */
		EEA4FB0F256878DD0018D2E7 /* Apple Music Animation */ = {
			isa = PBXNativeTarget;
			buildConfigurationList = EEA4FB1F256878DF0018D2E7 /* Build configuration list for PBXNativeTarget "Apple Music Animation" */;
			buildPhases = (
				EEA4FB0C256878DD0018D2E7 /* Sources */,
				EEA4FB0D256878DD0018D2E7 /* Frameworks */,
				EEA4FB0E256878DD0018D2E7 /* Resources */,
			);
			buildRules = (
			);
			dependencies = (
			);
			name = "Apple Music Animation";
			productName = "Apple Music Animation";
			productReference = EEA4FB10256878DD0018D2E7 /* Apple Music Animation.app */;
			productType = "com.apple.product-type.application";
		};
/* End PBXNativeTarget section */

/* Begin PBXProject section */
		EEA4FB08256878DC0018D2E7 /* Project object */ = {
			isa = PBXProject;
			attributes = {
				LastSwiftUpdateCheck = 1220;
				LastUpgradeCheck = 1220;
				TargetAttributes = {
					EEA4FB0F256878DD0018D2E7 = {
						CreatedOnToolsVersion = 12.2;
					};
				};
			};
			buildConfigurationList = EEA4FB0B256878DC0018D2E7 /* Build configuration list for PBXProject "Apple Music Animation" */;
			compatibilityVersion = "Xcode 9.3";
			developmentRegion = en;
			hasScannedForEncodings = 0;
			knownRegions = (
				en,
				Base,
			);
			mainGroup = EEA4FB07256878DC0018D2E7;
			productRefGroup = EEA4FB11256878DD0018D2E7 /* Products */;
			projectDirPath = "";
			projectRoot = "";
			targets = (
				EEA4FB0F256878DD0018D2E7 /* Apple Music Animation */,
			);
		};
/* End PBXProject section */

/* Begin PBXResourcesBuildPhase section */
		EEA4FB0E256878DD0018D2E7 /* Resources */ = {
			isa = PBXResourcesBuildPhase;
			buildActionMask = 2147483647;
			files = (
				EEA4FB1B256878DF0018D2E7 /* Preview Assets.xcassets in Resources */,
				EEA4FB18256878DF0018D2E7 /* Assets.xcassets in Resources */,
			);
			runOnlyForDeploymentPostprocessing = 0;
		};
/* End PBXResourcesBuildPhase section */

/* Begin PBXSourcesBuildPhase section */
		EEA4FB0C256878DD0018D2E7 /* Sources */ = {
			isa = PBXSourcesBuildPhase;
			buildActionMask = 2147483647;
			files = (
				EEA4FB16256878DD0018D2E7 /* ContentView.swift in Sources */,
				EEA4FB3E2568F4510018D2E7 /* BlurView.swift in Sources */,
				EEA4FB3A2568F0130018D2E7 /* MainView.swift in Sources */,
				EEA4FB41256983260018D2E7 /* MiniPlayer.swift in Sources */,
				EEA4FB14256878DD0018D2E7 /* Apple_Music_AnimationApp.swift in Sources */,
			);
			runOnlyForDeploymentPostprocessing = 0;
		};
/* End PBXSourcesBuildPhase section */

/* Begin XCBuildConfiguration section */
		EEA4FB1D256878DF0018D2E7 /* Debug */ = {
			isa = XCBuildConfiguration;
			buildSettings = {
				ALWAYS_SEARCH_USER_PATHS = NO;
				CLANG_ANALYZER_NONNULL = YES;
				CLANG_ANALYZER_NUMBER_OBJECT_CONVERSION = YES_AGGRESSIVE;
				CLANG_CXX_LANGUAGE_STANDARD = "gnu++14";
				CLANG_CXX_LIBRARY = "libc++";
				CLANG_ENABLE_MODULES = YES;
				CLANG_ENABLE_OBJC_ARC = YES;
				CLANG_ENABLE_OBJC_WEAK = YES;
				CLANG_WARN_BLOCK_CAPTURE_AUTORELEASING = YES;
				CLANG_WARN_BOOL_CONVERSION = YES;
				CLANG_WARN_COMMA = YES;
				CLANG_WARN_CONSTANT_CONVERSION = YES;
				CLANG_WARN_DEPRECATED_OBJC_IMPLEMENTATIONS = YES;
				CLANG_WARN_DIRECT_OBJC_ISA_USAGE = YES_ERROR;
				CLANG_WARN_DOCUMENTATION_COMMENTS = YES;
				CLANG_WARN_EMPTY_BODY = YES;
				CLANG_WARN_ENUM_CONVERSION = YES;
				CLANG_WARN_INFINITE_RECURSION = YES;
				CLANG_WARN_INT_CONVERSION = YES;
				CLANG_WARN_NON_LITERAL_NULL_CONVERSION = YES;
				CLANG_WARN_OBJC_IMPLICIT_RETAIN_SELF = YES;
				CLANG_WARN_OBJC_LITERAL_CONVERSION = YES;
				CLANG_WARN_OBJC_ROOT_CLASS = YES_ERROR;
				CLANG_WARN_QUOTED_INCLUDE_IN_FRAMEWORK_HEADER = YES;
				CLANG_WARN_RANGE_LOOP_ANALYSIS = YES;
				CLANG_WARN_STRICT_PROTOTYPES = YES;
				CLANG_WARN_SUSPICIOUS_MOVE = YES;
				CLANG_WARN_UNGUARDED_AVAILABILITY = YES_AGGRESSIVE;
				CLANG_WARN_UNREACHABLE_CODE = YES;
				CLANG_WARN__DUPLICATE_METHOD_MATCH = YES;
				COPY_PHASE_STRIP = NO;
				DEBUG_INFORMATION_FORMAT = dwarf;
				ENABLE_STRICT_OBJC_MSGSEND = YES;
				ENABLE_TESTABILITY = YES;
				GCC_C_LANGUAGE_STANDARD = gnu11;
				GCC_DYNAMIC_NO_PIC = NO;
				GCC_NO_COMMON_BLOCKS = YES;
				GCC_OPTIMIZATION_LEVEL = 0;
				GCC_PREPROCESSOR_DEFINITIONS = (
					"DEBUG=1",
					"$(inherited)",
				);
				GCC_WARN_64_TO_32_BIT_CONVERSION = YES;
				GCC_WARN_ABOUT_RETURN_TYPE = YES_ERROR;
				GCC_WARN_UNDECLARED_SELECTOR = YES;
				GCC_WARN_UNINITIALIZED_AUTOS = YES_AGGRESSIVE;
				GCC_WARN_UNUSED_FUNCTION = YES;
				GCC_WARN_UNUSED_VARIABLE = YES;
				IPHONEOS_DEPLOYMENT_TARGET = 14.2;
				MTL_ENABLE_DEBUG_INFO = INCLUDE_SOURCE;
				MTL_FAST_MATH = YES;
				ONLY_ACTIVE_ARCH = YES;
				SDKROOT = iphoneos;
				SWIFT_ACTIVE_COMPILATION_CONDITIONS = DEBUG;
				SWIFT_OPTIMIZATION_LEVEL = "-Onone";
			};
			name = Debug;
		};
		EEA4FB1E256878DF0018D2E7 /* Release */ = {
			isa = XCBuildConfiguration;
			buildSettings = {
				ALWAYS_SEARCH_USER_PATHS = NO;
				CLANG_ANALYZER_NONNULL = YES;
				CLANG_ANALYZER_NUMBER_OBJECT_CONVERSION = YES_AGGRESSIVE;
				CLANG_CXX_LANGUAGE_STANDARD = "gnu++14";
				CLANG_CXX_LIBRARY = "libc++";
				CLANG_ENABLE_MODULES = YES;
				CLANG_ENABLE_OBJC_ARC = YES;
				CLANG_ENABLE_OBJC_WEAK = YES;
				CLANG_WARN_BLOCK_CAPTURE_AUTORELEASING = YES;
				CLANG_WARN_BOOL_CONVERSION = YES;
				CLANG_WARN_COMMA = YES;
				CLANG_WARN_CONSTANT_CONVERSION = YES;
				CLANG_WARN_DEPRECATED_OBJC_IMPLEMENTATIONS = YES;
				CLANG_WARN_DIRECT_OBJC_ISA_USAGE = YES_ERROR;
				CLANG_WARN_DOCUMENTATION_COMMENTS = YES;
				CLANG_WARN_EMPTY_BODY = YES;
				CLANG_WARN_ENUM_CONVERSION = YES;
				CLANG_WARN_INFINITE_RECURSION = YES;
				CLANG_WARN_INT_CONVERSION = YES;
				CLANG_WARN_NON_LITERAL_NULL_CONVERSION = YES;
				CLANG_WARN_OBJC_IMPLICIT_RETAIN_SELF = YES;
				CLANG_WARN_OBJC_LITERAL_CONVERSION = YES;
				CLANG_WARN_OBJC_ROOT_CLASS = YES_ERROR;
				CLANG_WARN_QUOTED_INCLUDE_IN_FRAMEWORK_HEADER = YES;
				CLANG_WARN_RANGE_LOOP_ANALYSIS = YES;
				CLANG_WARN_STRICT_PROTOTYPES = YES;
				CLANG_WARN_SUSPICIOUS_MOVE = YES;
				CLANG_WARN_UNGUARDED_AVAILABILITY = YES_AGGRESSIVE;
				CLANG_WARN_UNREACHABLE_CODE = YES;
				CLANG_WARN__DUPLICATE_METHOD_MATCH = YES;
				COPY_PHASE_STRIP = NO;
				DEBUG_INFORMATION_FORMAT = "dwarf-with-dsym";
				ENABLE_NS_ASSERTIONS = NO;
				ENABLE_STRICT_OBJC_MSGSEND = YES;
				GCC_C_LANGUAGE_STANDARD = gnu11;
				GCC_NO_COMMON_BLOCKS = YES;
				GCC_WARN_64_TO_32_BIT_CONVERSION = YES;
				GCC_WARN_ABOUT_RETURN_TYPE = YES_ERROR;
				GCC_WARN_UNDECLARED_SELECTOR = YES;
				GCC_WARN_UNINITIALIZED_AUTOS = YES_AGGRESSIVE;
				GCC_WARN_UNUSED_FUNCTION = YES;
				GCC_WARN_UNUSED_VARIABLE = YES;
				IPHONEOS_DEPLOYMENT_TARGET = 14.2;
				MTL_ENABLE_DEBUG_INFO = NO;
				MTL_FAST_MATH = YES;
				SDKROOT = iphoneos;
				SWIFT_COMPILATION_MODE = wholemodule;
				SWIFT_OPTIMIZATION_LEVEL = "-O";
				VALIDATE_PRODUCT = YES;
			};
			name = Release;
		};
		EEA4FB20256878DF0018D2E7 /* Debug */ = {
			isa = XCBuildConfiguration;
			buildSettings = {
				ASSETCATALOG_COMPILER_APPICON_NAME = AppIcon;
				ASSETCATALOG_COMPILER_GLOBAL_ACCENT_COLOR_NAME = AccentColor;
				CODE_SIGN_STYLE = Automatic;
				DEVELOPMENT_ASSET_PATHS = "\"Apple Music Animation/Preview Content\"";
				ENABLE_PREVIEWS = YES;
				INFOPLIST_FILE = "Apple Music Animation/Info.plist";
				IPHONEOS_DEPLOYMENT_TARGET = 14.0;
				LD_RUNPATH_SEARCH_PATHS = (
					"$(inherited)",
					"@executable_path/Frameworks",
				);
				PRODUCT_BUNDLE_IDENTIFIER = "com.tefusakipuita.Apple-Music-Animation";
				PRODUCT_NAME = "$(TARGET_NAME)";
				SWIFT_VERSION = 5.0;
				TARGETED_DEVICE_FAMILY = "1,2";
			};
			name = Debug;
		};
		EEA4FB21256878DF0018D2E7 /* Release */ = {
			isa = XCBuildConfiguration;
			buildSettings = {
				ASSETCATALOG_COMPILER_APPICON_NAME = AppIcon;
				ASSETCATALOG_COMPILER_GLOBAL_ACCENT_COLOR_NAME = AccentColor;
				CODE_SIGN_STYLE = Automatic;
				DEVELOPMENT_ASSET_PATHS = "\"Apple Music Animation/Preview Content\"";
				ENABLE_PREVIEWS = YES;
				INFOPLIST_FILE = "Apple Music Animation/Info.plist";
				IPHONEOS_DEPLOYMENT_TARGET = 14.0;
				LD_RUNPATH_SEARCH_PATHS = (
					"$(inherited)",
					"@executable_path/Frameworks",
				);
				PRODUCT_BUNDLE_IDENTIFIER = "com.tefusakipuita.Apple-Music-Animation";
				PRODUCT_NAME = "$(TARGET_NAME)";
				SWIFT_VERSION = 5.0;
				TARGETED_DEVICE_FAMILY = "1,2";
			};
			name = Release;
		};
/* End XCBuildConfiguration section */

/* Begin XCConfigurationList section */
		EEA4FB0B256878DC0018D2E7 /* Build configuration list for PBXProject "Apple Music Animation" */ = {
			isa = XCConfigurationList;
			buildConfigurations = (
				EEA4FB1D256878DF0018D2E7 /* Debug */,
				EEA4FB1E256878DF0018D2E7 /* Release */,
			);
			defaultConfigurationIsVisible = 0;
			defaultConfigurationName = Release;
		};
		EEA4FB1F256878DF0018D2E7 /* Build configuration list for PBXNativeTarget "Apple Music Animation" */ = {
			isa = XCConfigurationList;
			buildConfigurations = (
				EEA4FB20256878DF0018D2E7 /* Debug */,
				EEA4FB21256878DF0018D2E7 /* Release */,
			);
			defaultConfigurationIsVisible = 0;
			defaultConfigurationName = Release;
		};
/* End XCConfigurationList section */
	};
	rootObject = EEA4FB08256878DC0018D2E7 /* Project object */;
}
